
Microsoft Visual Studio Solution File, Format Version 12.00
# Visual Studio 14
VisualStudioVersion = 14.0.25123.0
MinimumVisualStudioVersion = 10.0.40219.1
Project("{FAE04EC0-301F-11D3-BF4B-00C04F79EFBC}") = "Rotown", "Rotown\Rotown.csproj", "{77E458E5-37EE-4D82-92EB-DCB64092A29B}"
EndProject
Project("{FAE04EC0-301F-11D3-BF4B-00C04F79EFBC}") = "LevelDBEngine", "LevelDBEngine\LevelDBEngine.csproj", "{C667A0AD-361D-468E-8DA4-B5025D2FA9D6}"
EndProject
Project("{FAE04EC0-301F-11D3-BF4B-00C04F79EFBC}") = "LevelDBEngineTest", "LevelDBEngineTest\LevelDBEngineTest.csproj", "{921D7ED1-886E-461D-9D8F-34F4241DDE92}"
EndProject
Project("{FAE04EC0-301F-11D3-BF4B-00C04F79EFBC}") = "AzureTableEngine", "AzureTableEngine\AzureTableEngine.csproj", "{1977D79C-2F4B-46B9-8794-E784073FD82B}"
EndProject
Project("{FAE04EC0-301F-11D3-BF4B-00C04F79EFBC}") = "MemoryDBEngine", "MemoryEngine\MemoryDBEngine.csproj", "{EC05C4C8-19BF-4210-88F0-D40EEA69F0C6}"
EndProject
Project("{FAE04EC0-301F-11D3-BF4B-00C04F79EFBC}") = "AzureTableEngineTest", "AzureTableEngineTest\AzureTableEngineTest.csproj", "{19B36A40-7B43-4640-863E-1B446D5DBA9A}"
EndProject
Project("{FAE04EC0-301F-11D3-BF4B-00C04F79EFBC}") = "MemoryEngineTest", "MemoryEngineTest\MemoryEngineTest.csproj", "{AC6F987A-E67C-41C4-A231-03E1E3563FC5}"
EndProject
Global
	GlobalSection(SolutionConfigurationPlatforms) = preSolution
		Debug|Any CPU = Debug|Any CPU
		Release|Any CPU = Release|Any CPU
	EndGlobalSection
	GlobalSection(ProjectConfigurationPlatforms) = postSolution
		{77E458E5-37EE-4D82-92EB-DCB64092A29B}.Debug|Any CPU.ActiveCfg = Debug|Any CPU
		{77E458E5-37EE-4D82-92EB-DCB64092A29B}.Debug|Any CPU.Build.0 = Debug|Any CPU
		{77E458E5-37EE-4D82-92EB-DCB64092A29B}.Release|Any CPU.ActiveCfg = Release|Any CPU
		{77E458E5-37EE-4D82-92EB-DCB64092A29B}.Release|Any CPU.Build.0 = Release|Any CPU
		{C667A0AD-361D-468E-8DA4-B5025D2FA9D6}.Debug|Any CPU.ActiveCfg = Debug|Any CPU
		{C667A0AD-361D-468E-8DA4-B5025D2FA9D6}.Debug|Any CPU.Build.0 = Debug|Any CPU
		{C667A0AD-361D-468E-8DA4-B5025D2FA9D6}.Release|Any CPU.ActiveCfg = Release|Any CPU
		{C667A0AD-361D-468E-8DA4-B5025D2FA9D6}.Release|Any CPU.Build.0 = Release|Any CPU
		{921D7ED1-886E-461D-9D8F-34F4241DDE92}.Debug|Any CPU.ActiveCfg = Debug|Any CPU
		{921D7ED1-886E-461D-9D8F-34F4241DDE92}.Debug|Any CPU.Build.0 = Debug|Any CPU
		{921D7ED1-886E-461D-9D8F-34F4241DDE92}.Release|Any CPU.ActiveCfg = Release|Any CPU
		{921D7ED1-886E-461D-9D8F-34F4241DDE92}.Release|Any CPU.Build.0 = Release|Any CPU
		{1977D79C-2F4B-46B9-8794-E784073FD82B}.Debug|Any CPU.ActiveCfg = Debug|Any CPU
		{1977D79C-2F4B-46B9-8794-E784073FD82B}.Debug|Any CPU.Build.0 = Debug|Any CPU
		{1977D79C-2F4B-46B9-8794-E784073FD82B}.Release|Any CPU.ActiveCfg = Release|Any CPU
		{1977D79C-2F4B-46B9-8794-E784073FD82B}.Release|Any CPU.Build.0 = Release|Any CPU
		{EC05C4C8-19BF-4210-88F0-D40EEA69F0C6}.Debug|Any CPU.ActiveCfg = Debug|Any CPU
		{EC05C4C8-19BF-4210-88F0-D40EEA69F0C6}.Debug|Any CPU.Build.0 = Debug|Any CPU
		{EC05C4C8-19BF-4210-88F0-D40EEA69F0C6}.Release|Any CPU.ActiveCfg = Release|Any CPU
		{EC05C4C8-19BF-4210-88F0-D40EEA69F0C6}.Release|Any CPU.Build.0 = Release|Any CPU
		{19B36A40-7B43-4640-863E-1B446D5DBA9A}.Debug|Any CPU.ActiveCfg = Debug|Any CPU
		{19B36A40-7B43-4640-863E-1B446D5DBA9A}.Debug|Any CPU.Build.0 = Debug|Any CPU
		{19B36A40-7B43-4640-863E-1B446D5DBA9A}.Release|Any CPU.ActiveCfg = Release|Any CPU
		{19B36A40-7B43-4640-863E-1B446D5DBA9A}.Release|Any CPU.Build.0 = Release|Any CPU
		{AC6F987A-E67C-41C4-A231-03E1E3563FC5}.Debug|Any CPU.ActiveCfg = Debug|Any CPU
		{AC6F987A-E67C-41C4-A231-03E1E3563FC5}.Debug|Any CPU.Build.0 = Debug|Any CPU
		{AC6F987A-E67C-41C4-A231-03E1E3563FC5}.Release|Any CPU.ActiveCfg = Release|Any CPU
		{AC6F987A-E67C-41C4-A231-03E1E3563FC5}.Release|Any CPU.Build.0 = Release|Any CPU
	EndGlobalSection
	GlobalSection(SolutionProperties) = preSolution
		HideSolutionNode = FALSE
	EndGlobalSection
EndGlobal
